<?xml version="1.0" encoding="utf-8"?>
<Project ToolsVersion="4.0" xmlns="http://schemas.microsoft.com/developer/msbuild/2003">
  <ItemGroup>
    <Filter Include="Source Files">
      <UniqueIdentifier>{4FC737F1-C7A5-4376-A066-2A32D752A2FF}</UniqueIdentifier>
      <Extensions>cpp;c;cc;cxx;def;odl;idl;hpj;bat;asm;asmx</Extensions>
    </Filter>
    <Filter Include="Header Files">
      <UniqueIdentifier>{93995380-89BD-4b04-88EB-625FBE52EBFB}</UniqueIdentifier>
      <Extensions>h;hh;hpp;hxx;hm;inl;inc;xsd</Extensions>
    </Filter>
    <Filter Include="Resource Files">
      <UniqueIdentifier>{67DA6AB6-F800-4c08-8B7A-83BB121AAD01}</UniqueIdentifier>
      <Extensions>rc;ico;cur;bmp;dlg;rc2;rct;bin;rgs;gif;jpg;jpeg;jpe;resx;tiff;tif;png;wav;mfcribbon-ms</Extensions>
    </Filter>
    <Filter Include="Source Files\Network">
      <UniqueIdentifier>{c188e3bf-6c43-4f13-b94b-9b332f1ffd49}</UniqueIdentifier>
    </Filter>
    <Filter Include="Source Files\Core">
      <UniqueIdentifier>{97c4fa41-5f2f-40b8-a6b0-7c51a90ef891}</UniqueIdentifier>
    </Filter>
    <Filter Include="Source Files\Stream">
      <UniqueIdentifier>{221dc6e4-230c-40d0-b1dc-783e61c9a12f}</UniqueIdentifier>
    </Filter>
  </ItemGroup>
  <ItemGroup>
    <ClCompile Include="..\..\TestCases\TestMain.cpp">
      <Filter>Source Files</Filter>
    </ClCompile>
    <ClCompile Include="..\..\TestCases\Network\Address.cpp">
      <Filter>Source Files\Network</Filter>
    </ClCompile>
    <ClCompile Include="..\..\TestCases\Core\Fallible.cpp">
      <Filter>Source Files\Core</Filter>
    </ClCompile>
    <ClCompile Include="..\..\TestCases\Network\XneloSocket.cpp">
      <Filter>Source Files\Network</Filter>
    </ClCompile>
    <ClCompile Include="..\..\TestCases\Network\UDPSocket.cpp">
      <Filter>Source Files\Network</Filter>
    </ClCompile>
    <ClCompile Include="..\..\TestCases\Stream\IStreamReader.cpp">
      <Filter>Source Files\Stream</Filter>
    </ClCompile>
    <ClCompile Include="..\..\TestCases\Stream\IStreamWriter.cpp">
      <Filter>Source Files\Stream</Filter>
    </ClCompile>
    <ClCompile Include="..\..\TestCases\Stream\BufferStreamWriter.cpp">
      <Filter>Source Files\Stream</Filter>
    </ClCompile>
    <ClCompile Include="..\..\TestCases\Stream\BufferStreamReader.cpp">
      <Filter>Source Files\Stream</Filter>
    </ClCompile>
    <ClCompile Include="..\..\TestCases\Network\PacketManager.cpp">
      <Filter>Source Files\Network</Filter>
    </ClCompile>
    <ClCompile Include="..\..\TestCases\Core\BitwiseOperators.cpp">
      <Filter>Source Files\Core</Filter>
    </ClCompile>
    <ClCompile Include="..\..\TestCases\Core\UUID.cpp">
      <Filter>Source Files\Core</Filter>
    </ClCompile>
  </ItemGroup>
</Project>