<?xml version="1.0" encoding="utf-8"?>
<Project ToolsVersion="4.0" xmlns="http://schemas.microsoft.com/developer/msbuild/2003">
  <ItemGroup>
    <Filter Include="Source Files">
      <UniqueIdentifier>{4FC737F1-C7A5-4376-A066-2A32D752A2FF}</UniqueIdentifier>
      <Extensions>cpp;c;cc;cxx;def;odl;idl;hpj;bat;asm;asmx</Extensions>
    </Filter>
    <Filter Include="Header Files">
      <UniqueIdentifier>{93995380-89BD-4b04-88EB-625FBE52EBFB}</UniqueIdentifier>
      <Extensions>h;hh;hpp;hxx;hm;inl;inc;xsd</Extensions>
    </Filter>
    <Filter Include="Resource Files">
      <UniqueIdentifier>{67DA6AB6-F800-4c08-8B7A-83BB121AAD01}</UniqueIdentifier>
      <Extensions>rc;ico;cur;bmp;dlg;rc2;rct;bin;rgs;gif;jpg;jpeg;jpe;resx;tiff;tif;png;wav;mfcribbon-ms</Extensions>
    </Filter>
    <Filter Include="Header Files\Testing">
      <UniqueIdentifier>{1e88fd66-32ef-4635-b96c-c3ac5f8ec8dd}</UniqueIdentifier>
    </Filter>
    <Filter Include="Source Files\Testing">
      <UniqueIdentifier>{0996bec0-d7e3-486c-b5e2-f5a718f994a1}</UniqueIdentifier>
    </Filter>
  </ItemGroup>
  <ItemGroup>
    <ClInclude Include="..\..\include\Config.hpp">
      <Filter>Header Files</Filter>
    </ClInclude>
    <ClInclude Include="..\..\include\Testing\IReportGenerator.hpp">
      <Filter>Header Files\Testing</Filter>
    </ClInclude>
    <ClInclude Include="..\..\include\Testing\OutStreamGenerator.hpp">
      <Filter>Header Files\Testing</Filter>
    </ClInclude>
    <ClInclude Include="..\..\include\Testing\Test.hpp">
      <Filter>Header Files\Testing</Filter>
    </ClInclude>
    <ClInclude Include="..\..\include\Testing\Test_Result.hpp">
      <Filter>Header Files\Testing</Filter>
    </ClInclude>
    <ClInclude Include="..\..\include\Testing\Testing.hpp">
      <Filter>Header Files\Testing</Filter>
    </ClInclude>
    <ClInclude Include="..\..\include\Testing\TestSuite.hpp">
      <Filter>Header Files\Testing</Filter>
    </ClInclude>
  </ItemGroup>
  <ItemGroup>
    <ClCompile Include="..\..\src\Testing\OutStreamGenerator.cpp">
      <Filter>Source Files\Testing</Filter>
    </ClCompile>
    <ClCompile Include="..\..\src\Testing\Test.cpp">
      <Filter>Source Files\Testing</Filter>
    </ClCompile>
    <ClCompile Include="..\..\src\Testing\Test_Result.cpp">
      <Filter>Source Files\Testing</Filter>
    </ClCompile>
    <ClCompile Include="..\..\src\Testing\TestSuite.cpp">
      <Filter>Source Files\Testing</Filter>
    </ClCompile>
  </ItemGroup>
</Project>