<?xml version="1.0" encoding="utf-8"?>
<Project ToolsVersion="4.0" xmlns="http://schemas.microsoft.com/developer/msbuild/2003">
  <ItemGroup>
    <Filter Include="Source Files">
      <UniqueIdentifier>{4FC737F1-C7A5-4376-A066-2A32D752A2FF}</UniqueIdentifier>
      <Extensions>cpp;c;cc;cxx;def;odl;idl;hpj;bat;asm;asmx</Extensions>
    </Filter>
    <Filter Include="Header Files">
      <UniqueIdentifier>{93995380-89BD-4b04-88EB-625FBE52EBFB}</UniqueIdentifier>
      <Extensions>h;hh;hpp;hxx;hm;inl;inc;xsd</Extensions>
    </Filter>
    <Filter Include="Resource Files">
      <UniqueIdentifier>{67DA6AB6-F800-4c08-8B7A-83BB121AAD01}</UniqueIdentifier>
      <Extensions>rc;ico;cur;bmp;dlg;rc2;rct;bin;rgs;gif;jpg;jpeg;jpe;resx;tiff;tif;png;wav;mfcribbon-ms</Extensions>
    </Filter>
    <Filter Include="Header Files\Testing">
      <UniqueIdentifier>{1e88fd66-32ef-4635-b96c-c3ac5f8ec8dd}</UniqueIdentifier>
    </Filter>
    <Filter Include="Source Files\Testing">
      <UniqueIdentifier>{0996bec0-d7e3-486c-b5e2-f5a718f994a1}</UniqueIdentifier>
    </Filter>
    <Filter Include="Header Files\Network">
      <UniqueIdentifier>{18d983b5-f4d7-4ece-86a3-98270be7b489}</UniqueIdentifier>
    </Filter>
    <Filter Include="Source Files\Network">
      <UniqueIdentifier>{d2c477c7-cb03-4542-b678-0efcb116a606}</UniqueIdentifier>
    </Filter>
    <Filter Include="Source Files\Core">
      <UniqueIdentifier>{d159cd72-6c67-4f7a-8877-ffeca86f4307}</UniqueIdentifier>
    </Filter>
    <Filter Include="Header Files\Core">
      <UniqueIdentifier>{0bb1de5c-7e17-41f1-b267-caa8b17a142a}</UniqueIdentifier>
    </Filter>
    <Filter Include="Header Files\Logging">
      <UniqueIdentifier>{5c5f6585-f695-4cfb-88a5-d8dec09f71e9}</UniqueIdentifier>
    </Filter>
    <Filter Include="Source Files\Logging">
      <UniqueIdentifier>{846ba02f-8b5e-4899-91bb-a339be584522}</UniqueIdentifier>
    </Filter>
    <Filter Include="Header Files\Stream">
      <UniqueIdentifier>{0ecbef7b-31eb-4477-bade-16a7d4a5f982}</UniqueIdentifier>
    </Filter>
    <Filter Include="Source Files\Stream">
      <UniqueIdentifier>{5b475bf8-7782-4529-a60d-2bfdeae63132}</UniqueIdentifier>
    </Filter>
    <Filter Include="Header Files\ArgParse">
      <UniqueIdentifier>{9c89ad7a-2ff3-4848-b7f7-505c3b85dfca}</UniqueIdentifier>
    </Filter>
    <Filter Include="Source Files\ArgParse">
      <UniqueIdentifier>{2e8c5de8-5d6a-4ace-89f8-152760e15eb3}</UniqueIdentifier>
    </Filter>
  </ItemGroup>
  <ItemGroup>
    <ClCompile Include="..\..\src\Testing\Test.cpp">
      <Filter>Source Files\Testing</Filter>
    </ClCompile>
    <ClCompile Include="..\..\src\Testing\TestMaster.cpp">
      <Filter>Source Files\Testing</Filter>
    </ClCompile>
    <ClCompile Include="..\..\src\Testing\TestResult.cpp">
      <Filter>Source Files\Testing</Filter>
    </ClCompile>
    <ClCompile Include="..\..\src\Testing\OutStreamGenerator.cpp">
      <Filter>Source Files\Testing</Filter>
    </ClCompile>
    <ClCompile Include="..\..\src\Network\Address.cpp">
      <Filter>Source Files\Network</Filter>
    </ClCompile>
    <ClCompile Include="..\..\src\Network\UDPSocket.cpp">
      <Filter>Source Files\Network</Filter>
    </ClCompile>
    <ClCompile Include="..\..\src\Network\XneloSocket.cpp">
      <Filter>Source Files\Network</Filter>
    </ClCompile>
    <ClCompile Include="..\..\src\Logging\Logging.cpp">
      <Filter>Source Files\Logging</Filter>
    </ClCompile>
    <ClCompile Include="..\..\src\Core\Fallible.cpp">
      <Filter>Source Files\Core</Filter>
    </ClCompile>
    <ClCompile Include="..\..\src\Stream\BufferStreamWriter.cpp">
      <Filter>Source Files\Stream</Filter>
    </ClCompile>
    <ClCompile Include="..\..\src\Stream\IBufferStreamReader.cpp">
      <Filter>Source Files\Stream</Filter>
    </ClCompile>
    <ClCompile Include="..\..\src\Stream\IBufferStreamWriter.cpp">
      <Filter>Source Files\Stream</Filter>
    </ClCompile>
    <ClCompile Include="..\..\src\Stream\BufferStreamReader.cpp">
      <Filter>Source Files\Stream</Filter>
    </ClCompile>
    <ClCompile Include="..\..\src\Network\BroadcastSocket.cpp">
      <Filter>Source Files\Network</Filter>
    </ClCompile>
    <ClCompile Include="..\..\src\Core\SystemFunctions.cpp">
      <Filter>Source Files\Core</Filter>
    </ClCompile>
    <ClCompile Include="..\..\src\Network\NetworkCore.cpp">
      <Filter>Source Files\Network</Filter>
    </ClCompile>
    <ClCompile Include="..\..\src\Core\UUID.cpp">
      <Filter>Source Files\Core</Filter>
    </ClCompile>
    <ClCompile Include="..\..\src\ArgParse\ArgParse.cpp">
      <Filter>Source Files\ArgParse</Filter>
    </ClCompile>
  </ItemGroup>
  <ItemGroup>
    <ClInclude Include="..\..\include\XneloUtils\Config.hpp">
      <Filter>Header Files</Filter>
    </ClInclude>
    <ClInclude Include="..\..\include\XneloUtils\Core\BasicTypes.hpp">
      <Filter>Header Files\Core</Filter>
    </ClInclude>
    <ClInclude Include="..\..\include\XneloUtils\Core\Errors.hpp">
      <Filter>Header Files\Core</Filter>
    </ClInclude>
    <ClInclude Include="..\..\include\XneloUtils\Core\Fallible.hpp">
      <Filter>Header Files\Core</Filter>
    </ClInclude>
    <ClInclude Include="..\..\include\XneloUtils\Logging\Logging.hpp">
      <Filter>Header Files\Logging</Filter>
    </ClInclude>
    <ClInclude Include="..\..\include\XneloUtils\Network\Address.hpp">
      <Filter>Header Files\Network</Filter>
    </ClInclude>
    <ClInclude Include="..\..\include\XneloUtils\Network\Network.hpp">
      <Filter>Header Files\Network</Filter>
    </ClInclude>
    <ClInclude Include="..\..\include\XneloUtils\Network\UDPSocket.hpp">
      <Filter>Header Files\Network</Filter>
    </ClInclude>
    <ClInclude Include="..\..\include\XneloUtils\Network\XneloSocket.hpp">
      <Filter>Header Files\Network</Filter>
    </ClInclude>
    <ClInclude Include="..\..\include\XneloUtils\Testing\IReportGenerator.hpp">
      <Filter>Header Files\Testing</Filter>
    </ClInclude>
    <ClInclude Include="..\..\include\XneloUtils\Testing\OutStreamGenerator.hpp">
      <Filter>Header Files\Testing</Filter>
    </ClInclude>
    <ClInclude Include="..\..\include\XneloUtils\Testing\Test.hpp">
      <Filter>Header Files\Testing</Filter>
    </ClInclude>
    <ClInclude Include="..\..\include\XneloUtils\Testing\Testing.hpp">
      <Filter>Header Files\Testing</Filter>
    </ClInclude>
    <ClInclude Include="..\..\include\XneloUtils\Testing\TestMaster.hpp">
      <Filter>Header Files\Testing</Filter>
    </ClInclude>
    <ClInclude Include="..\..\include\XneloUtils\Testing\TestResult.hpp">
      <Filter>Header Files\Testing</Filter>
    </ClInclude>
    <ClInclude Include="..\..\include\XneloUtils\Stream\IBufferStream.hpp">
      <Filter>Header Files\Stream</Filter>
    </ClInclude>
    <ClInclude Include="..\..\include\XneloUtils\Stream\IBufferStreamReader.hpp">
      <Filter>Header Files\Stream</Filter>
    </ClInclude>
    <ClInclude Include="..\..\include\XneloUtils\Stream\IBufferStreamWriter.hpp">
      <Filter>Header Files\Stream</Filter>
    </ClInclude>
    <ClInclude Include="..\..\include\XneloUtils\Stream\BufferStreamWriter.hpp">
      <Filter>Header Files\Stream</Filter>
    </ClInclude>
    <ClInclude Include="..\..\include\XneloUtils\Stream\BufferStreamReader.hpp">
      <Filter>Header Files\Stream</Filter>
    </ClInclude>
    <ClInclude Include="..\..\include\XneloUtils\Network\PacketManager.hpp">
      <Filter>Header Files\Network</Filter>
    </ClInclude>
    <ClInclude Include="..\..\include\XneloUtils\Core\BitwiseOperators.hpp">
      <Filter>Header Files\Core</Filter>
    </ClInclude>
    <ClInclude Include="..\..\include\XneloUtils\Network\XneloPacket.hpp">
      <Filter>Header Files\Network</Filter>
    </ClInclude>
    <ClInclude Include="..\..\include\XneloUtils\Core\SystemFunctions.hpp">
      <Filter>Header Files\Core</Filter>
    </ClInclude>
    <ClInclude Include="..\..\include\XneloUtils\Network\BroadcastSocket.hpp">
      <Filter>Header Files\Network</Filter>
    </ClInclude>
    <ClInclude Include="..\..\include\XneloUtils\Core\StringUtils.hpp">
      <Filter>Header Files\Core</Filter>
    </ClInclude>
    <ClInclude Include="..\..\include\XneloUtils\Network\NetworkCore.hpp">
      <Filter>Header Files\Network</Filter>
    </ClInclude>
    <ClInclude Include="..\..\include\XneloUtils\Stream\Stream.hpp">
      <Filter>Header Files\Stream</Filter>
    </ClInclude>
    <ClInclude Include="..\..\include\XneloUtils\Core\UUID.hpp">
      <Filter>Header Files\Core</Filter>
    </ClInclude>
    <ClInclude Include="..\..\include\XneloUtils\ArgParse\ArgData.hpp">
      <Filter>Header Files\ArgParse</Filter>
    </ClInclude>
    <ClInclude Include="..\..\include\XneloUtils\ArgParse\ArgDef.hpp">
      <Filter>Header Files\ArgParse</Filter>
    </ClInclude>
    <ClInclude Include="..\..\include\XneloUtils\ArgParse\ArgParse.hpp">
      <Filter>Header Files\ArgParse</Filter>
    </ClInclude>
  </ItemGroup>
</Project>